
Microsoft Visual Studio Solution File, Format Version 12.00
# Visual Studio Version 16
VisualStudioVersion = 16.0.31229.75
MinimumVisualStudioVersion = 10.0.40219.1
Project("{8BC9CEB8-8B4A-11D0-8D11-00A0C91BC942}") = "ConsoleApplication1", "ConsoleApplication1\ConsoleApplication1.vcxproj", "{FBA3DA18-5ABE-4BB1-9C5B-A393C9D15BAE}"
EndProject
Global
	GlobalSection(SolutionConfigurationPlatforms) = preSolution
		Debug|x64 = Debug|x64
		Debug|x86 = Debug|x86
		Release|x64 = Release|x64
		Release|x86 = Release|x86
	EndGlobalSection
	GlobalSection(ProjectConfigurationPlatforms) = postSolution
		{FBA3DA18-5ABE-4BB1-9C5B-A393C9D15BAE}.Debug|x64.ActiveCfg = Debug|x64
		{FBA3DA18-5ABE-4BB1-9C5B-A393C9D15BAE}.Debug|x64.Build.0 = Debug|x64
		{FBA3DA18-5ABE-4BB1-9C5B-A393C9D15BAE}.Debug|x86.ActiveCfg = Debug|Win32
		{FBA3DA18-5ABE-4BB1-9C5B-A393C9D15BAE}.Debug|x86.Build.0 = Debug|Win32
		{FBA3DA18-5ABE-4BB1-9C5B-A393C9D15BAE}.Release|x64.ActiveCfg = Release|x64
		{FBA3DA18-5ABE-4BB1-9C5B-A393C9D15BAE}.Release|x64.Build.0 = Release|x64
		{FBA3DA18-5ABE-4BB1-9C5B-A393C9D15BAE}.Release|x86.ActiveCfg = Release|Win32
		{FBA3DA18-5ABE-4BB1-9C5B-A393C9D15BAE}.Release|x86.Build.0 = Release|Win32
	EndGlobalSection
	GlobalSection(SolutionProperties) = preSolution
		HideSolutionNode = FALSE
	EndGlobalSection
	GlobalSection(ExtensibilityGlobals) = postSolution
		SolutionGuid = {85540B24-F109-4174-A230-CE38570A0747}
	EndGlobalSection
EndGlobal
